
Microsoft Visual Studio Solution File, Format Version 12.00
# Visual Studio Version 17
VisualStudioVersion = 17.9.34607.119
MinimumVisualStudioVersion = 10.0.40219.1
Project("{9A19103F-16F7-4668-BE54-9A1E7A4F7556}") = "01_001", "01_001\01_001.csproj", "{D0893AFA-C992-4BA5-A900-4A84A365E98F}"
EndProject
Project("{9A19103F-16F7-4668-BE54-9A1E7A4F7556}") = "01_002", "01_002\01_002.csproj", "{AE746454-6054-4692-9433-8BB9FA80B60C}"
EndProject
Project("{9A19103F-16F7-4668-BE54-9A1E7A4F7556}") = "01_003", "01_003\01_003.csproj", "{51255105-F13F-4135-8F90-91D87530B5B5}"
EndProject
Project("{9A19103F-16F7-4668-BE54-9A1E7A4F7556}") = "_ClassLibrary", "ClassLibrary\_ClassLibrary.csproj", "{6ED030F5-33AF-4CC4-8806-3388CFD86AA8}"
EndProject
Project("{FAE04EC0-301F-11D3-BF4B-00C04F79EFBC}") = "01_004", "01_004\01_004.csproj", "{07622AAC-419D-4076-B7F6-450A27506CE1}"
EndProject
Project("{FAE04EC0-301F-11D3-BF4B-00C04F79EFBC}") = "01_005", "01_005\01_005.csproj", "{F924B0E7-E921-4DD5-8B5B-0EB38E7BB2A6}"
EndProject
Project("{FAE04EC0-301F-11D3-BF4B-00C04F79EFBC}") = "01_006", "01_006\01_006.csproj", "{04E52745-56AE-4356-9D6C-E2C11154053C}"
EndProject
Project("{2150E333-8FDC-42A3-9474-1A3956D46DE8}") = "01", "01", "{BE1CCBEA-C429-47DE-AA12-6E8782FF1DD0}"
EndProject
Global
	GlobalSection(SolutionConfigurationPlatforms) = preSolution
		Debug|Any CPU = Debug|Any CPU
		Release|Any CPU = Release|Any CPU
	EndGlobalSection
	GlobalSection(ProjectConfigurationPlatforms) = postSolution
		{D0893AFA-C992-4BA5-A900-4A84A365E98F}.Debug|Any CPU.ActiveCfg = Debug|Any CPU
		{D0893AFA-C992-4BA5-A900-4A84A365E98F}.Debug|Any CPU.Build.0 = Debug|Any CPU
		{D0893AFA-C992-4BA5-A900-4A84A365E98F}.Release|Any CPU.ActiveCfg = Release|Any CPU
		{D0893AFA-C992-4BA5-A900-4A84A365E98F}.Release|Any CPU.Build.0 = Release|Any CPU
		{AE746454-6054-4692-9433-8BB9FA80B60C}.Debug|Any CPU.ActiveCfg = Debug|Any CPU
		{AE746454-6054-4692-9433-8BB9FA80B60C}.Debug|Any CPU.Build.0 = Debug|Any CPU
		{AE746454-6054-4692-9433-8BB9FA80B60C}.Release|Any CPU.ActiveCfg = Release|Any CPU
		{AE746454-6054-4692-9433-8BB9FA80B60C}.Release|Any CPU.Build.0 = Release|Any CPU
		{51255105-F13F-4135-8F90-91D87530B5B5}.Debug|Any CPU.ActiveCfg = Debug|Any CPU
		{51255105-F13F-4135-8F90-91D87530B5B5}.Debug|Any CPU.Build.0 = Debug|Any CPU
		{51255105-F13F-4135-8F90-91D87530B5B5}.Release|Any CPU.ActiveCfg = Release|Any CPU
		{51255105-F13F-4135-8F90-91D87530B5B5}.Release|Any CPU.Build.0 = Release|Any CPU
		{6ED030F5-33AF-4CC4-8806-3388CFD86AA8}.Debug|Any CPU.ActiveCfg = Debug|Any CPU
		{6ED030F5-33AF-4CC4-8806-3388CFD86AA8}.Debug|Any CPU.Build.0 = Debug|Any CPU
		{6ED030F5-33AF-4CC4-8806-3388CFD86AA8}.Release|Any CPU.ActiveCfg = Release|Any CPU
		{6ED030F5-33AF-4CC4-8806-3388CFD86AA8}.Release|Any CPU.Build.0 = Release|Any CPU
		{07622AAC-419D-4076-B7F6-450A27506CE1}.Debug|Any CPU.ActiveCfg = Debug|Any CPU
		{07622AAC-419D-4076-B7F6-450A27506CE1}.Debug|Any CPU.Build.0 = Debug|Any CPU
		{07622AAC-419D-4076-B7F6-450A27506CE1}.Release|Any CPU.ActiveCfg = Release|Any CPU
		{07622AAC-419D-4076-B7F6-450A27506CE1}.Release|Any CPU.Build.0 = Release|Any CPU
		{F924B0E7-E921-4DD5-8B5B-0EB38E7BB2A6}.Debug|Any CPU.ActiveCfg = Debug|Any CPU
		{F924B0E7-E921-4DD5-8B5B-0EB38E7BB2A6}.Debug|Any CPU.Build.0 = Debug|Any CPU
		{F924B0E7-E921-4DD5-8B5B-0EB38E7BB2A6}.Release|Any CPU.ActiveCfg = Release|Any CPU
		{F924B0E7-E921-4DD5-8B5B-0EB38E7BB2A6}.Release|Any CPU.Build.0 = Release|Any CPU
		{04E52745-56AE-4356-9D6C-E2C11154053C}.Debug|Any CPU.ActiveCfg = Debug|Any CPU
		{04E52745-56AE-4356-9D6C-E2C11154053C}.Debug|Any CPU.Build.0 = Debug|Any CPU
		{04E52745-56AE-4356-9D6C-E2C11154053C}.Release|Any CPU.ActiveCfg = Release|Any CPU
		{04E52745-56AE-4356-9D6C-E2C11154053C}.Release|Any CPU.Build.0 = Release|Any CPU
	EndGlobalSection
	GlobalSection(SolutionProperties) = preSolution
		HideSolutionNode = FALSE
	EndGlobalSection
	GlobalSection(NestedProjects) = preSolution
		{D0893AFA-C992-4BA5-A900-4A84A365E98F} = {BE1CCBEA-C429-47DE-AA12-6E8782FF1DD0}
		{AE746454-6054-4692-9433-8BB9FA80B60C} = {BE1CCBEA-C429-47DE-AA12-6E8782FF1DD0}
		{51255105-F13F-4135-8F90-91D87530B5B5} = {BE1CCBEA-C429-47DE-AA12-6E8782FF1DD0}
		{07622AAC-419D-4076-B7F6-450A27506CE1} = {BE1CCBEA-C429-47DE-AA12-6E8782FF1DD0}
		{F924B0E7-E921-4DD5-8B5B-0EB38E7BB2A6} = {BE1CCBEA-C429-47DE-AA12-6E8782FF1DD0}
		{04E52745-56AE-4356-9D6C-E2C11154053C} = {BE1CCBEA-C429-47DE-AA12-6E8782FF1DD0}
	EndGlobalSection
	GlobalSection(ExtensibilityGlobals) = postSolution
		SolutionGuid = {4A94DE88-7EE4-4A4C-AF40-9F611CBACF64}
	EndGlobalSection
EndGlobal
